<?xml version="1.0" encoding="utf-8"?>
<Project ToolsVersion="4.0" xmlns="http://schemas.microsoft.com/developer/msbuild/2003">
  <ItemGroup>
    <Filter Include="Mage">
      <UniqueIdentifier>{456e85cc-032f-4ac8-8d9d-44de43222dd0}</UniqueIdentifier>
    </Filter>
    <Filter Include="Shaders">
      <UniqueIdentifier>{0a14695a-7197-43e8-9929-9ecd7772b185}</UniqueIdentifier>
    </Filter>
    <Filter Include="Meshes">
      <UniqueIdentifier>{18b995b5-e8c8-4b77-8c27-21891bbc5ebd}</UniqueIdentifier>
    </Filter>
    <Filter Include="Meshes\Headers">
      <UniqueIdentifier>{74e1d7b8-3bb2-4360-b915-2bcc65abc849}</UniqueIdentifier>
    </Filter>
    <Filter Include="Meshes\Source">
      <UniqueIdentifier>{55e12742-b4a0-4ae4-b2b7-dd1188bac493}</UniqueIdentifier>
    </Filter>
    <Filter Include="Scenes">
      <UniqueIdentifier>{4FC737F1-C7A5-4376-A066-2A32D752A2FF}</UniqueIdentifier>
      <Extensions>
      </Extensions>
    </Filter>
    <Filter Include="Scenes\Headers">
      <UniqueIdentifier>{0cbc0818-e43b-4624-873c-0200516694c3}</UniqueIdentifier>
    </Filter>
    <Filter Include="Scenes\Source">
      <UniqueIdentifier>{085880d6-ceaf-4ccd-9366-056614455a5c}</UniqueIdentifier>
    </Filter>
    <Filter Include="Math">
      <UniqueIdentifier>{bef8a479-77cb-43e0-a631-ea53032f1183}</UniqueIdentifier>
    </Filter>
    <Filter Include="Rendering">
      <UniqueIdentifier>{3212b312-00d1-49c3-9f5b-1d617021ba7d}</UniqueIdentifier>
    </Filter>
    <Filter Include="Rendering\Headers">
      <UniqueIdentifier>{3d8ebb19-1d61-4139-9d80-f67e2a3e8bd2}</UniqueIdentifier>
    </Filter>
    <Filter Include="Rendering\Source">
      <UniqueIdentifier>{77762362-5525-426e-9a86-dd4f787f914d}</UniqueIdentifier>
    </Filter>
    <Filter Include="Assets">
      <UniqueIdentifier>{e861a5ad-eaa2-4286-b6eb-a8734db694ff}</UniqueIdentifier>
    </Filter>
  </ItemGroup>
  <ItemGroup>
    <ClInclude Include="mage\AbstractGameLoop.h">
      <Filter>Mage</Filter>
    </ClInclude>
    <ClInclude Include="mage\Effect.h">
      <Filter>Mage</Filter>
    </ClInclude>
    <ClInclude Include="mage\GameWindow.h">
      <Filter>Mage</Filter>
    </ClInclude>
    <ClInclude Include="mage\HandleError.h">
      <Filter>Mage</Filter>
    </ClInclude>
    <ClInclude Include="mage\IGameLoop.h">
      <Filter>Mage</Filter>
    </ClInclude>
    <ClInclude Include="mage\TString.h">
      <Filter>Mage</Filter>
    </ClInclude>
    <ClInclude Include="mage\WindowsEvent.h">
      <Filter>Mage</Filter>
    </ClInclude>
    <ClInclude Include="Scene.h">
      <Filter>Scenes\Headers</Filter>
    </ClInclude>
    <ClInclude Include="Mesh.h">
      <Filter>Meshes\Headers</Filter>
    </ClInclude>
    <ClInclude Include="PlaneMesh.h">
      <Filter>Meshes\Headers</Filter>
    </ClInclude>
    <ClInclude Include="CubeMesh.h">
      <Filter>Meshes\Headers</Filter>
    </ClInclude>
    <ClInclude Include="Vertex.h">
      <Filter>Rendering\Headers</Filter>
    </ClInclude>
    <ClInclude Include="math\AffineTransform.h">
      <Filter>Math</Filter>
    </ClInclude>
    <ClInclude Include="math\MathUtil.h">
      <Filter>Math</Filter>
    </ClInclude>
    <ClInclude Include="math\Matrix3.h">
      <Filter>Math</Filter>
    </ClInclude>
    <ClInclude Include="math\Vector2D.h">
      <Filter>Math</Filter>
    </ClInclude>
    <ClInclude Include="math\Vector3D.h">
      <Filter>Math</Filter>
    </ClInclude>
    <ClInclude Include="Camera.h">
      <Filter>Rendering\Headers</Filter>
    </ClInclude>
    <ClInclude Include="RaftMesh.h">
      <Filter>Meshes\Headers</Filter>
    </ClInclude>
    <ClInclude Include="Table.h">
      <Filter>Rendering\Headers</Filter>
    </ClInclude>
    <ClInclude Include="Heightmap.h">
      <Filter>Rendering\Headers</Filter>
    </ClInclude>
    <ClInclude Include="TerrainMesh.h">
      <Filter>Meshes\Headers</Filter>
    </ClInclude>
    <ClInclude Include="Billboard.h">
      <Filter>Meshes\Headers</Filter>
    </ClInclude>
    <ClInclude Include="TextureLoader.h" />
  </ItemGroup>
  <ItemGroup>
    <ClCompile Include="mage\Effect.cpp">
      <Filter>Mage</Filter>
    </ClCompile>
    <ClCompile Include="mage\GameWindow.cpp">
      <Filter>Mage</Filter>
    </ClCompile>
    <ClCompile Include="winmain.cpp" />
    <ClCompile Include="Mesh.cpp">
      <Filter>Meshes\Source</Filter>
    </ClCompile>
    <ClCompile Include="Scene.cpp">
      <Filter>Scenes\Source</Filter>
    </ClCompile>
    <ClCompile Include="PlaneMesh.cpp">
      <Filter>Meshes\Source</Filter>
    </ClCompile>
    <ClCompile Include="CubeMesh.cpp">
      <Filter>Meshes\Source</Filter>
    </ClCompile>
    <ClCompile Include="Vertex.cpp">
      <Filter>Rendering\Source</Filter>
    </ClCompile>
    <ClCompile Include="math\AffineTransform.cpp">
      <Filter>Math</Filter>
    </ClCompile>
    <ClCompile Include="math\Main.cpp">
      <Filter>Math</Filter>
    </ClCompile>
    <ClCompile Include="math\MathUtil.cpp">
      <Filter>Math</Filter>
    </ClCompile>
    <ClCompile Include="math\Matrix3.cpp">
      <Filter>Math</Filter>
    </ClCompile>
    <ClCompile Include="math\Vector2D.cpp">
      <Filter>Math</Filter>
    </ClCompile>
    <ClCompile Include="math\Vector3D.cpp">
      <Filter>Math</Filter>
    </ClCompile>
    <ClCompile Include="Camera.cpp">
      <Filter>Rendering\Source</Filter>
    </ClCompile>
    <ClCompile Include="RaftMesh.cpp">
      <Filter>Meshes\Source</Filter>
    </ClCompile>
    <ClCompile Include="Heightmap.cpp">
      <Filter>Rendering\Source</Filter>
    </ClCompile>
    <ClCompile Include="TerrainMesh.cpp">
      <Filter>Meshes\Source</Filter>
    </ClCompile>
    <ClCompile Include="Billboard.cpp">
      <Filter>Meshes\Source</Filter>
    </ClCompile>
    <ClCompile Include="TextureLoader.cpp" />
  </ItemGroup>
  <ItemGroup>
    <FxCompile Include="SimpleShader.fx">
      <Filter>Shaders</Filter>
    </FxCompile>
  </ItemGroup>
</Project>