<?xml version="1.0" encoding="utf-8"?>
<Project ToolsVersion="4.0" xmlns="http://schemas.microsoft.com/developer/msbuild/2003">
  <ItemGroup>
    <Filter Include="Mage">
      <UniqueIdentifier>{456e85cc-032f-4ac8-8d9d-44de43222dd0}</UniqueIdentifier>
    </Filter>
    <Filter Include="Shaders">
      <UniqueIdentifier>{0a14695a-7197-43e8-9929-9ecd7772b185}</UniqueIdentifier>
    </Filter>
    <Filter Include="Scene">
      <UniqueIdentifier>{4FC737F1-C7A5-4376-A066-2A32D752A2FF}</UniqueIdentifier>
      <Extensions>
      </Extensions>
    </Filter>
    <Filter Include="Scene\Headers">
      <UniqueIdentifier>{0cbc0818-e43b-4624-873c-0200516694c3}</UniqueIdentifier>
    </Filter>
    <Filter Include="Scene\Source">
      <UniqueIdentifier>{085880d6-ceaf-4ccd-9366-056614455a5c}</UniqueIdentifier>
    </Filter>
  </ItemGroup>
  <ItemGroup>
    <ClInclude Include="mage\AbstractGameLoop.h">
      <Filter>Mage</Filter>
    </ClInclude>
    <ClInclude Include="mage\Effect.h">
      <Filter>Mage</Filter>
    </ClInclude>
    <ClInclude Include="mage\GameWindow.h">
      <Filter>Mage</Filter>
    </ClInclude>
    <ClInclude Include="mage\HandleError.h">
      <Filter>Mage</Filter>
    </ClInclude>
    <ClInclude Include="mage\IGameLoop.h">
      <Filter>Mage</Filter>
    </ClInclude>
    <ClInclude Include="mage\TString.h">
      <Filter>Mage</Filter>
    </ClInclude>
    <ClInclude Include="mage\WindowsEvent.h">
      <Filter>Mage</Filter>
    </ClInclude>
    <ClInclude Include="Scene.h">
      <Filter>Scene\Headers</Filter>
    </ClInclude>
    <ClInclude Include="Structs.h">
      <Filter>Scene\Headers</Filter>
    </ClInclude>
    <ClInclude Include="Vertex.h">
      <Filter>Scene\Headers</Filter>
    </ClInclude>
  </ItemGroup>
  <ItemGroup>
    <ClCompile Include="mage\Effect.cpp">
      <Filter>Mage</Filter>
    </ClCompile>
    <ClCompile Include="mage\GameWindow.cpp">
      <Filter>Mage</Filter>
    </ClCompile>
    <ClCompile Include="winmain.cpp" />
    <ClCompile Include="Scene-Loop.cpp">
      <Filter>Scene\Source</Filter>
    </ClCompile>
    <ClCompile Include="Scene-Geometry.cpp">
      <Filter>Scene\Source</Filter>
    </ClCompile>
    <ClCompile Include="Vertex.cpp">
      <Filter>Scene\Source</Filter>
    </ClCompile>
  </ItemGroup>
  <ItemGroup>
    <FxCompile Include="SimpleShader.fx">
      <Filter>Shaders</Filter>
    </FxCompile>
  </ItemGroup>
</Project>